Microsoft Visual Studio Solution File, Format Version 11.00
# Visual Studio 2008

Project("{12B133A9-7BB8-12D5-A521-C0DC7E839E85}") = "Maze (NJRC 2015)", "Assembly-CSharp-firstpass.csproj", "{02BC7FAA-EA96-39A6-84C6-411A3C6C86E7}"
EndProject
Project("{12B133A9-7BB8-12D5-A521-C0DC7E839E85}") = "Maze (NJRC 2015)", "Assembly-CSharp.csproj", "{B66E4449-3959-7C9C-0F05-854EA17A4218}"
EndProject
Project("{12B133A9-7BB8-12D5-A521-C0DC7E839E85}") = "Maze (NJRC 2015)", "Assembly-CSharp-Editor.csproj", "{AD11B23D-F99B-95B3-7253-D796F84E646F}"
EndProject
Global
	GlobalSection(SolutionConfigurationPlatforms) = preSolution
		Debug|Any CPU = Debug|Any CPU
		Release|Any CPU = Release|Any CPU
	EndGlobalSection
	GlobalSection(ProjectConfigurationPlatforms) = postSolution
		{02BC7FAA-EA96-39A6-84C6-411A3C6C86E7}.Debug|Any CPU.ActiveCfg = Debug|Any CPU
		{02BC7FAA-EA96-39A6-84C6-411A3C6C86E7}.Debug|Any CPU.Build.0 = Debug|Any CPU
		{02BC7FAA-EA96-39A6-84C6-411A3C6C86E7}.Release|Any CPU.ActiveCfg = Release|Any CPU
		{02BC7FAA-EA96-39A6-84C6-411A3C6C86E7}.Release|Any CPU.Build.0 = Release|Any CPU
		{B66E4449-3959-7C9C-0F05-854EA17A4218}.Debug|Any CPU.ActiveCfg = Debug|Any CPU
		{B66E4449-3959-7C9C-0F05-854EA17A4218}.Debug|Any CPU.Build.0 = Debug|Any CPU
		{B66E4449-3959-7C9C-0F05-854EA17A4218}.Release|Any CPU.ActiveCfg = Release|Any CPU
		{B66E4449-3959-7C9C-0F05-854EA17A4218}.Release|Any CPU.Build.0 = Release|Any CPU
		{AD11B23D-F99B-95B3-7253-D796F84E646F}.Debug|Any CPU.ActiveCfg = Debug|Any CPU
		{AD11B23D-F99B-95B3-7253-D796F84E646F}.Debug|Any CPU.Build.0 = Debug|Any CPU
		{AD11B23D-F99B-95B3-7253-D796F84E646F}.Release|Any CPU.ActiveCfg = Release|Any CPU
		{AD11B23D-F99B-95B3-7253-D796F84E646F}.Release|Any CPU.Build.0 = Release|Any CPU
	EndGlobalSection
	GlobalSection(SolutionProperties) = preSolution
		HideSolutionNode = FALSE
	EndGlobalSection
			GlobalSection(MonoDevelopProperties) = preSolution
		StartupItem = Assembly-CSharp.csproj
		Policies = $0
		$0.TextStylePolicy = $1
		$1.inheritsSet = null
		$1.scope = text/x-csharp
		$0.CSharpFormattingPolicy = $2
		$2.inheritsSet = Mono
		$2.inheritsScope = text/x-csharp
		$2.scope = text/x-csharp
		$0.TextStylePolicy = $3
		$3.FileWidth = 120
		$3.TabWidth = 4
		$3.IndentWidth = 4
		$3.EolMarker = Unix
		$3.inheritsSet = Mono
		$3.inheritsScope = text/plain
		$3.scope = text/plain
	EndGlobalSection
EndGlobal
